
Microsoft Visual Studio Solution File, Format Version 12.00
Project("{2150E333-8FDC-42A3-9474-1A3956D46DE8}") = "src", "src", "{827E0CD3-B72D-47B6-A68D-7590B98EB39B}"
EndProject
Project("{FAE04EC0-301F-11D3-BF4B-00C04F79EFBC}") = "CloudTaskManager.Blazor", "src\CloudTaskManager.Blazor\CloudTaskManager.Blazor.csproj", "{18DE7043-CB23-404A-84DB-9FD1AB66BA1F}"
EndProject
Project("{FAE04EC0-301F-11D3-BF4B-00C04F79EFBC}") = "CloudTaskManager.Gateway", "src\CloudTaskManager.Gateway\CloudTaskManager.Gateway.csproj", "{4B66CEBA-4AC9-4473-80C8-E0A91FABF82E}"
EndProject
Project("{FAE04EC0-301F-11D3-BF4B-00C04F79EFBC}") = "CloudTaskManager.Identity", "src\CloudTaskManager.Identity\CloudTaskManager.Identity.csproj", "{74321892-5027-46C1-8A20-064EE2277FF6}"
EndProject
Project("{FAE04EC0-301F-11D3-BF4B-00C04F79EFBC}") = "CloudTaskManager.Shared", "src\CloudTaskManager.Shared\CloudTaskManager.Shared.csproj", "{C68C23AC-83B8-4FD2-B7D4-C854BDFBF7F4}"
EndProject
Project("{FAE04EC0-301F-11D3-BF4B-00C04F79EFBC}") = "CloudTaskManager.Notifications", "src\CloudTaskManager.Notifications\CloudTaskManager.Notifications.csproj", "{3DDC4B81-3A82-4AB2-B3C3-58972A319FB6}"
EndProject
Project("{FAE04EC0-301F-11D3-BF4B-00C04F79EFBC}") = "CloudTaskManager.Tasks", "src\CloudTaskManager.Tasks\CloudTaskManager.Tasks.csproj", "{B6BC6CB0-9393-42B2-96EC-8EC2862EFA92}"
EndProject
Project("{FAE04EC0-301F-11D3-BF4B-00C04F79EFBC}") = "CloudTaskManager.Test", "src\CloudTaskManager.Test\CloudTaskManager.Test.csproj", "{482FCFB0-5094-42F0-8901-9E5F3879B790}"
EndProject
Global
	GlobalSection(SolutionConfigurationPlatforms) = preSolution
		Debug|Any CPU = Debug|Any CPU
		Debug|x64 = Debug|x64
		Debug|x86 = Debug|x86
		Release|Any CPU = Release|Any CPU
		Release|x64 = Release|x64
		Release|x86 = Release|x86
	EndGlobalSection
	GlobalSection(ProjectConfigurationPlatforms) = postSolution
		{18DE7043-CB23-404A-84DB-9FD1AB66BA1F}.Debug|Any CPU.ActiveCfg = Debug|Any CPU
		{18DE7043-CB23-404A-84DB-9FD1AB66BA1F}.Debug|Any CPU.Build.0 = Debug|Any CPU
		{18DE7043-CB23-404A-84DB-9FD1AB66BA1F}.Debug|x64.ActiveCfg = Debug|Any CPU
		{18DE7043-CB23-404A-84DB-9FD1AB66BA1F}.Debug|x64.Build.0 = Debug|Any CPU
		{18DE7043-CB23-404A-84DB-9FD1AB66BA1F}.Debug|x86.ActiveCfg = Debug|Any CPU
		{18DE7043-CB23-404A-84DB-9FD1AB66BA1F}.Debug|x86.Build.0 = Debug|Any CPU
		{18DE7043-CB23-404A-84DB-9FD1AB66BA1F}.Release|Any CPU.ActiveCfg = Release|Any CPU
		{18DE7043-CB23-404A-84DB-9FD1AB66BA1F}.Release|Any CPU.Build.0 = Release|Any CPU
		{18DE7043-CB23-404A-84DB-9FD1AB66BA1F}.Release|x64.ActiveCfg = Release|Any CPU
		{18DE7043-CB23-404A-84DB-9FD1AB66BA1F}.Release|x64.Build.0 = Release|Any CPU
		{18DE7043-CB23-404A-84DB-9FD1AB66BA1F}.Release|x86.ActiveCfg = Release|Any CPU
		{18DE7043-CB23-404A-84DB-9FD1AB66BA1F}.Release|x86.Build.0 = Release|Any CPU
		{4B66CEBA-4AC9-4473-80C8-E0A91FABF82E}.Debug|Any CPU.ActiveCfg = Debug|Any CPU
		{4B66CEBA-4AC9-4473-80C8-E0A91FABF82E}.Debug|Any CPU.Build.0 = Debug|Any CPU
		{4B66CEBA-4AC9-4473-80C8-E0A91FABF82E}.Debug|x64.ActiveCfg = Debug|Any CPU
		{4B66CEBA-4AC9-4473-80C8-E0A91FABF82E}.Debug|x64.Build.0 = Debug|Any CPU
		{4B66CEBA-4AC9-4473-80C8-E0A91FABF82E}.Debug|x86.ActiveCfg = Debug|Any CPU
		{4B66CEBA-4AC9-4473-80C8-E0A91FABF82E}.Debug|x86.Build.0 = Debug|Any CPU
		{4B66CEBA-4AC9-4473-80C8-E0A91FABF82E}.Release|Any CPU.ActiveCfg = Release|Any CPU
		{4B66CEBA-4AC9-4473-80C8-E0A91FABF82E}.Release|Any CPU.Build.0 = Release|Any CPU
		{4B66CEBA-4AC9-4473-80C8-E0A91FABF82E}.Release|x64.ActiveCfg = Release|Any CPU
		{4B66CEBA-4AC9-4473-80C8-E0A91FABF82E}.Release|x64.Build.0 = Release|Any CPU
		{4B66CEBA-4AC9-4473-80C8-E0A91FABF82E}.Release|x86.ActiveCfg = Release|Any CPU
		{4B66CEBA-4AC9-4473-80C8-E0A91FABF82E}.Release|x86.Build.0 = Release|Any CPU
		{74321892-5027-46C1-8A20-064EE2277FF6}.Debug|Any CPU.ActiveCfg = Debug|Any CPU
		{74321892-5027-46C1-8A20-064EE2277FF6}.Debug|Any CPU.Build.0 = Debug|Any CPU
		{74321892-5027-46C1-8A20-064EE2277FF6}.Debug|x64.ActiveCfg = Debug|Any CPU
		{74321892-5027-46C1-8A20-064EE2277FF6}.Debug|x64.Build.0 = Debug|Any CPU
		{74321892-5027-46C1-8A20-064EE2277FF6}.Debug|x86.ActiveCfg = Debug|Any CPU
		{74321892-5027-46C1-8A20-064EE2277FF6}.Debug|x86.Build.0 = Debug|Any CPU
		{74321892-5027-46C1-8A20-064EE2277FF6}.Release|Any CPU.ActiveCfg = Release|Any CPU
		{74321892-5027-46C1-8A20-064EE2277FF6}.Release|Any CPU.Build.0 = Release|Any CPU
		{74321892-5027-46C1-8A20-064EE2277FF6}.Release|x64.ActiveCfg = Release|Any CPU
		{74321892-5027-46C1-8A20-064EE2277FF6}.Release|x64.Build.0 = Release|Any CPU
		{74321892-5027-46C1-8A20-064EE2277FF6}.Release|x86.ActiveCfg = Release|Any CPU
		{74321892-5027-46C1-8A20-064EE2277FF6}.Release|x86.Build.0 = Release|Any CPU
		{C68C23AC-83B8-4FD2-B7D4-C854BDFBF7F4}.Debug|Any CPU.ActiveCfg = Debug|Any CPU
		{C68C23AC-83B8-4FD2-B7D4-C854BDFBF7F4}.Debug|Any CPU.Build.0 = Debug|Any CPU
		{C68C23AC-83B8-4FD2-B7D4-C854BDFBF7F4}.Debug|x64.ActiveCfg = Debug|Any CPU
		{C68C23AC-83B8-4FD2-B7D4-C854BDFBF7F4}.Debug|x64.Build.0 = Debug|Any CPU
		{C68C23AC-83B8-4FD2-B7D4-C854BDFBF7F4}.Debug|x86.ActiveCfg = Debug|Any CPU
		{C68C23AC-83B8-4FD2-B7D4-C854BDFBF7F4}.Debug|x86.Build.0 = Debug|Any CPU
		{C68C23AC-83B8-4FD2-B7D4-C854BDFBF7F4}.Release|Any CPU.ActiveCfg = Release|Any CPU
		{C68C23AC-83B8-4FD2-B7D4-C854BDFBF7F4}.Release|Any CPU.Build.0 = Release|Any CPU
		{C68C23AC-83B8-4FD2-B7D4-C854BDFBF7F4}.Release|x64.ActiveCfg = Release|Any CPU
		{C68C23AC-83B8-4FD2-B7D4-C854BDFBF7F4}.Release|x64.Build.0 = Release|Any CPU
		{C68C23AC-83B8-4FD2-B7D4-C854BDFBF7F4}.Release|x86.ActiveCfg = Release|Any CPU
		{C68C23AC-83B8-4FD2-B7D4-C854BDFBF7F4}.Release|x86.Build.0 = Release|Any CPU
		{3DDC4B81-3A82-4AB2-B3C3-58972A319FB6}.Debug|Any CPU.ActiveCfg = Debug|Any CPU
		{3DDC4B81-3A82-4AB2-B3C3-58972A319FB6}.Debug|Any CPU.Build.0 = Debug|Any CPU
		{3DDC4B81-3A82-4AB2-B3C3-58972A319FB6}.Debug|x64.ActiveCfg = Debug|Any CPU
		{3DDC4B81-3A82-4AB2-B3C3-58972A319FB6}.Debug|x64.Build.0 = Debug|Any CPU
		{3DDC4B81-3A82-4AB2-B3C3-58972A319FB6}.Debug|x86.ActiveCfg = Debug|Any CPU
		{3DDC4B81-3A82-4AB2-B3C3-58972A319FB6}.Debug|x86.Build.0 = Debug|Any CPU
		{3DDC4B81-3A82-4AB2-B3C3-58972A319FB6}.Release|Any CPU.ActiveCfg = Release|Any CPU
		{3DDC4B81-3A82-4AB2-B3C3-58972A319FB6}.Release|Any CPU.Build.0 = Release|Any CPU
		{3DDC4B81-3A82-4AB2-B3C3-58972A319FB6}.Release|x64.ActiveCfg = Release|Any CPU
		{3DDC4B81-3A82-4AB2-B3C3-58972A319FB6}.Release|x64.Build.0 = Release|Any CPU
		{3DDC4B81-3A82-4AB2-B3C3-58972A319FB6}.Release|x86.ActiveCfg = Release|Any CPU
		{3DDC4B81-3A82-4AB2-B3C3-58972A319FB6}.Release|x86.Build.0 = Release|Any CPU
		{B6BC6CB0-9393-42B2-96EC-8EC2862EFA92}.Debug|Any CPU.ActiveCfg = Debug|Any CPU
		{B6BC6CB0-9393-42B2-96EC-8EC2862EFA92}.Debug|Any CPU.Build.0 = Debug|Any CPU
		{B6BC6CB0-9393-42B2-96EC-8EC2862EFA92}.Debug|x64.ActiveCfg = Debug|Any CPU
		{B6BC6CB0-9393-42B2-96EC-8EC2862EFA92}.Debug|x64.Build.0 = Debug|Any CPU
		{B6BC6CB0-9393-42B2-96EC-8EC2862EFA92}.Debug|x86.ActiveCfg = Debug|Any CPU
		{B6BC6CB0-9393-42B2-96EC-8EC2862EFA92}.Debug|x86.Build.0 = Debug|Any CPU
		{B6BC6CB0-9393-42B2-96EC-8EC2862EFA92}.Release|Any CPU.ActiveCfg = Release|Any CPU
		{B6BC6CB0-9393-42B2-96EC-8EC2862EFA92}.Release|Any CPU.Build.0 = Release|Any CPU
		{B6BC6CB0-9393-42B2-96EC-8EC2862EFA92}.Release|x64.ActiveCfg = Release|Any CPU
		{B6BC6CB0-9393-42B2-96EC-8EC2862EFA92}.Release|x64.Build.0 = Release|Any CPU
		{B6BC6CB0-9393-42B2-96EC-8EC2862EFA92}.Release|x86.ActiveCfg = Release|Any CPU
		{B6BC6CB0-9393-42B2-96EC-8EC2862EFA92}.Release|x86.Build.0 = Release|Any CPU
		{482FCFB0-5094-42F0-8901-9E5F3879B790}.Debug|Any CPU.ActiveCfg = Debug|Any CPU
		{482FCFB0-5094-42F0-8901-9E5F3879B790}.Debug|Any CPU.Build.0 = Debug|Any CPU
		{482FCFB0-5094-42F0-8901-9E5F3879B790}.Debug|x64.ActiveCfg = Debug|Any CPU
		{482FCFB0-5094-42F0-8901-9E5F3879B790}.Debug|x64.Build.0 = Debug|Any CPU
		{482FCFB0-5094-42F0-8901-9E5F3879B790}.Debug|x86.ActiveCfg = Debug|Any CPU
		{482FCFB0-5094-42F0-8901-9E5F3879B790}.Debug|x86.Build.0 = Debug|Any CPU
		{482FCFB0-5094-42F0-8901-9E5F3879B790}.Release|Any CPU.ActiveCfg = Release|Any CPU
		{482FCFB0-5094-42F0-8901-9E5F3879B790}.Release|Any CPU.Build.0 = Release|Any CPU
		{482FCFB0-5094-42F0-8901-9E5F3879B790}.Release|x64.ActiveCfg = Release|Any CPU
		{482FCFB0-5094-42F0-8901-9E5F3879B790}.Release|x64.Build.0 = Release|Any CPU
		{482FCFB0-5094-42F0-8901-9E5F3879B790}.Release|x86.ActiveCfg = Release|Any CPU
		{482FCFB0-5094-42F0-8901-9E5F3879B790}.Release|x86.Build.0 = Release|Any CPU
	EndGlobalSection
	GlobalSection(SolutionProperties) = preSolution
		HideSolutionNode = FALSE
	EndGlobalSection
	GlobalSection(NestedProjects) = preSolution
		{18DE7043-CB23-404A-84DB-9FD1AB66BA1F} = {827E0CD3-B72D-47B6-A68D-7590B98EB39B}
		{4B66CEBA-4AC9-4473-80C8-E0A91FABF82E} = {827E0CD3-B72D-47B6-A68D-7590B98EB39B}
		{74321892-5027-46C1-8A20-064EE2277FF6} = {827E0CD3-B72D-47B6-A68D-7590B98EB39B}
		{C68C23AC-83B8-4FD2-B7D4-C854BDFBF7F4} = {827E0CD3-B72D-47B6-A68D-7590B98EB39B}
		{3DDC4B81-3A82-4AB2-B3C3-58972A319FB6} = {827E0CD3-B72D-47B6-A68D-7590B98EB39B}
		{B6BC6CB0-9393-42B2-96EC-8EC2862EFA92} = {827E0CD3-B72D-47B6-A68D-7590B98EB39B}
		{482FCFB0-5094-42F0-8901-9E5F3879B790} = {827E0CD3-B72D-47B6-A68D-7590B98EB39B}
	EndGlobalSection
EndGlobal
