
Microsoft Visual Studio Solution File, Format Version 12.00
Project("{FAE04EC0-301F-11D3-BF4B-00C04F79EFBC}") = "Tasks", "Tasks\Tasks.csproj", "{1C0D6616-991A-41D9-8F0A-357F697B5E87}"
EndProject
Project("{FAE04EC0-301F-11D3-BF4B-00C04F79EFBC}") = "gateway", "gateway\gateway.csproj", "{686F979A-F47E-414D-B2C8-BB0C24A2CF28}"
EndProject
Project("{FAE04EC0-301F-11D3-BF4B-00C04F79EFBC}") = "Notifications", "Notifications\Notifications.csproj", "{A316D51B-24DE-4FAC-BD93-E01EB581CA54}"
EndProject
Project("{FAE04EC0-301F-11D3-BF4B-00C04F79EFBC}") = "identity", "identity\identity.csproj", "{D8800C83-CAA4-40D1-B825-3A2CAED8F8C9}"
EndProject
Project("{FAE04EC0-301F-11D3-BF4B-00C04F79EFBC}") = "shared", "shared\shared.csproj", "{F8BCE7CC-25E4-44B8-8C15-5F5D4727D0FD}"
EndProject
Project("{FAE04EC0-301F-11D3-BF4B-00C04F79EFBC}") = "test", "test\test.csproj", "{CD714342-66E8-459B-8B27-6A6D678057DF}"
EndProject
Global
	GlobalSection(SolutionConfigurationPlatforms) = preSolution
		Debug|Any CPU = Debug|Any CPU
		Release|Any CPU = Release|Any CPU
	EndGlobalSection
	GlobalSection(ProjectConfigurationPlatforms) = postSolution
		{1C0D6616-991A-41D9-8F0A-357F697B5E87}.Debug|Any CPU.ActiveCfg = Debug|Any CPU
		{1C0D6616-991A-41D9-8F0A-357F697B5E87}.Debug|Any CPU.Build.0 = Debug|Any CPU
		{1C0D6616-991A-41D9-8F0A-357F697B5E87}.Release|Any CPU.ActiveCfg = Release|Any CPU
		{1C0D6616-991A-41D9-8F0A-357F697B5E87}.Release|Any CPU.Build.0 = Release|Any CPU
		{686F979A-F47E-414D-B2C8-BB0C24A2CF28}.Debug|Any CPU.ActiveCfg = Debug|Any CPU
		{686F979A-F47E-414D-B2C8-BB0C24A2CF28}.Debug|Any CPU.Build.0 = Debug|Any CPU
		{686F979A-F47E-414D-B2C8-BB0C24A2CF28}.Release|Any CPU.ActiveCfg = Release|Any CPU
		{686F979A-F47E-414D-B2C8-BB0C24A2CF28}.Release|Any CPU.Build.0 = Release|Any CPU
		{A316D51B-24DE-4FAC-BD93-E01EB581CA54}.Debug|Any CPU.ActiveCfg = Debug|Any CPU
		{A316D51B-24DE-4FAC-BD93-E01EB581CA54}.Debug|Any CPU.Build.0 = Debug|Any CPU
		{A316D51B-24DE-4FAC-BD93-E01EB581CA54}.Release|Any CPU.ActiveCfg = Release|Any CPU
		{A316D51B-24DE-4FAC-BD93-E01EB581CA54}.Release|Any CPU.Build.0 = Release|Any CPU
		{D8800C83-CAA4-40D1-B825-3A2CAED8F8C9}.Debug|Any CPU.ActiveCfg = Debug|Any CPU
		{D8800C83-CAA4-40D1-B825-3A2CAED8F8C9}.Debug|Any CPU.Build.0 = Debug|Any CPU
		{D8800C83-CAA4-40D1-B825-3A2CAED8F8C9}.Release|Any CPU.ActiveCfg = Release|Any CPU
		{D8800C83-CAA4-40D1-B825-3A2CAED8F8C9}.Release|Any CPU.Build.0 = Release|Any CPU
		{F8BCE7CC-25E4-44B8-8C15-5F5D4727D0FD}.Debug|Any CPU.ActiveCfg = Debug|Any CPU
		{F8BCE7CC-25E4-44B8-8C15-5F5D4727D0FD}.Debug|Any CPU.Build.0 = Debug|Any CPU
		{F8BCE7CC-25E4-44B8-8C15-5F5D4727D0FD}.Release|Any CPU.ActiveCfg = Release|Any CPU
		{F8BCE7CC-25E4-44B8-8C15-5F5D4727D0FD}.Release|Any CPU.Build.0 = Release|Any CPU
		{CD714342-66E8-459B-8B27-6A6D678057DF}.Debug|Any CPU.ActiveCfg = Debug|Any CPU
		{CD714342-66E8-459B-8B27-6A6D678057DF}.Debug|Any CPU.Build.0 = Debug|Any CPU
		{CD714342-66E8-459B-8B27-6A6D678057DF}.Release|Any CPU.ActiveCfg = Release|Any CPU
		{CD714342-66E8-459B-8B27-6A6D678057DF}.Release|Any CPU.Build.0 = Release|Any CPU
	EndGlobalSection
EndGlobal
